# THIS IS AN AUTOGENERATED FILE. DO NOT EDIT THIS FILE DIRECTLY.
# yarn lockfile v1


"@thi.ng/api@^6.10.0", "@thi.ng/api@^6.10.1":
  version "6.10.1"
  resolved "https://registry.yarnpkg.com/@thi.ng/api/-/api-6.10.1.tgz#2af2da5a07fbb236a1bebbd522033fcdf8499037"
  integrity sha512-5hYnzhD7PHBOoWee+d6FGAKGcnX6oDBIx8KjM0XXiJwhH7npQgMJy6EGOdw+vOfUQ+74BbXetI4Rn8XwNk/LfA==
  dependencies:
    tslib "^1.11.1"

"@thi.ng/api@^6.10.3":
  version "6.10.3"
  resolved "https://registry.yarnpkg.com/@thi.ng/api/-/api-6.10.3.tgz#b98b734939f43cec18b195a982b960ff75da948c"
  integrity sha512-qQor5QOObicgAwDfaguibJ4tpEHj5HmMoIvaVP3ORxw9yEcqf4/rcv6ZqENcBjDIgQ+6PxDeSb5rhaMEhVJRwA==
  dependencies:
    tslib "^1.11.1"

"@thi.ng/api@^6.10.4":
  version "6.10.4"
  resolved "https://registry.yarnpkg.com/@thi.ng/api/-/api-6.10.4.tgz#61c79e591d8aba8009aa22f203c31b69447c225f"
  integrity sha512-FeTpKvRb+QzzjV291Sfe5UMu+y02iHURaZEJKhLizTv3+gATMaqtuQq5mZ+h6KqfmBnY8afRdrQzNngPYOudTQ==
  dependencies:
    tslib "^1.11.1"

"@thi.ng/arrays@^0.6.5":
  version "0.6.5"
  resolved "https://registry.yarnpkg.com/@thi.ng/arrays/-/arrays-0.6.5.tgz#4977decab7ba3a3f39137b0ed0e8061dad71d9da"
  integrity sha512-CZpiWFVHwejpRliOOhsfdkL2DS9VTZw6T7fHE+zy4r3XAnbRftdMqbvUE6b3zp/EwcX7xMCGTtlnuXgJNNuNqg==
  dependencies:
    "@thi.ng/api" "^6.10.3"
    "@thi.ng/checks" "^2.6.4"
    "@thi.ng/compare" "^1.3.4"
    "@thi.ng/equiv" "^1.0.21"
    "@thi.ng/errors" "^1.2.12"
    "@thi.ng/random" "^1.4.7"
    tslib "^1.11.1"

"@thi.ng/arrays@^0.6.6":
  version "0.6.6"
  resolved "https://registry.yarnpkg.com/@thi.ng/arrays/-/arrays-0.6.6.tgz#8aa6e297d746595ec8e23fd9e217bf0764415161"
  integrity sha512-EwXKIF5uQj6mqqT4WDkj4jjicCFw+9Gfj7UjiaSm+A1ZEuFuV46XQKGdtMKCIxw5kjjfHUQgOPvgE45ZqcqUhw==
  dependencies:
    "@thi.ng/api" "^6.10.4"
    "@thi.ng/checks" "^2.6.5"
    "@thi.ng/compare" "^1.3.5"
    "@thi.ng/equiv" "^1.0.22"
    "@thi.ng/errors" "^1.2.13"
    "@thi.ng/random" "^1.4.8"
    tslib "^1.11.1"

"@thi.ng/associative@^4.0.7":
  version "4.0.7"
  resolved "https://registry.yarnpkg.com/@thi.ng/associative/-/associative-4.0.7.tgz#4f7f386511d4f7b533f0618f9b86a50082621d13"
  integrity sha512-QTTSPAmpENy8g4LzQrAbv6YyX5kCG611ZvRlY6z7gQJ/On+fc7AEVS2cEKxPubtJkbce1X7Tp2wziducyEOz8Q==
  dependencies:
    "@thi.ng/api" "^6.10.4"
    "@thi.ng/binary" "^2.0.6"
    "@thi.ng/checks" "^2.6.5"
    "@thi.ng/compare" "^1.3.5"
    "@thi.ng/dcons" "^2.2.15"
    "@thi.ng/equiv" "^1.0.22"
    "@thi.ng/errors" "^1.2.13"
    "@thi.ng/transducers" "^6.4.9"
    tslib "^1.11.1"

"@thi.ng/atom@^4.1.6":
  version "4.1.6"
  resolved "https://registry.yarnpkg.com/@thi.ng/atom/-/atom-4.1.6.tgz#0c83edf2bd9c17d61f1bcdd831335566e7874421"
  integrity sha512-O5Nertkm6+WwZXPBfHeHBdmwk+seTaahj6woxQ+qwdYhXKVpx1K+dyeXFn+tFkzOka0xeM3BAcnHlyZnD0zArA==
  dependencies:
    "@thi.ng/api" "^6.10.4"
    "@thi.ng/checks" "^2.6.5"
    "@thi.ng/equiv" "^1.0.22"
    "@thi.ng/errors" "^1.2.13"
    "@thi.ng/paths" "^4.0.5"
    tslib "^1.11.1"

"@thi.ng/binary@^2.0.6":
  version "2.0.6"
  resolved "https://registry.yarnpkg.com/@thi.ng/binary/-/binary-2.0.6.tgz#6c24d99fb788569305e66ab308cda4d5260a788e"
  integrity sha512-rduhpDduyN3z9p2+0gGrj53BpvVFxkV5UotdNb1CxMcWlnWa9loNeGaUUyTwha6jtPh3PIhTbxOHZXyJ4E2d7Q==
  dependencies:
    tslib "^1.11.1"

"@thi.ng/checks@^2.6.2":
  version "2.6.2"
  resolved "https://registry.yarnpkg.com/@thi.ng/checks/-/checks-2.6.2.tgz#29e4e6c8591ef19a900397eb14683d3f43b2e5bd"
  integrity sha512-B6V79281RzuxMdjUdg3x+GSUTSBL9Mg91DZFAR+173cmapet2ItFJOsoCEVlT5/PK2pI8jNzeyJ7zLbXgOGSaw==
  dependencies:
    tslib "^1.11.1"

"@thi.ng/checks@^2.6.3":
  version "2.6.3"
  resolved "https://registry.yarnpkg.com/@thi.ng/checks/-/checks-2.6.3.tgz#b29bab406a7039a1ce986bdaf294db35c2321a92"
  integrity sha512-7zDYbic+RJNMziN5vCl7zOqY8gEzkj3Y2ECC2hkAuc4N46M0r+W1tkSUN46C1KdV9jUU9jZsLTZwkSINclkyAw==
  dependencies:
    tslib "^1.11.1"

"@thi.ng/checks@^2.6.4":
  version "2.6.4"
  resolved "https://registry.yarnpkg.com/@thi.ng/checks/-/checks-2.6.4.tgz#8978538af5e7936245f26120a626668ff568dc92"
  integrity sha512-wu2VftJREkLYeceQlqJrVfTxsV+7ARFWDYSeprN/t+WTxP7PEEypDz5nOXMkIcqgyjDHSYt08DAbgmS4ju9MRw==
  dependencies:
    tslib "^1.11.1"

"@thi.ng/checks@^2.6.5":
  version "2.6.5"
  resolved "https://registry.yarnpkg.com/@thi.ng/checks/-/checks-2.6.5.tgz#140c7de70930830e654f221c6e37340e9cafc28c"
  integrity sha512-nSEzvLN4uhVYHdV7aViK2dPYs37+SIpbXFiANA/bM+2MAcXm/qGr8DiDv9Ir+NBrRhrfwsrJMFuB7DAH8XrKwA==
  dependencies:
    tslib "^1.11.1"

"@thi.ng/compare@^1.3.4":
  version "1.3.4"
  resolved "https://registry.yarnpkg.com/@thi.ng/compare/-/compare-1.3.4.tgz#ae5ab73fed7e18e1888fe76f09e0d010d8562a8f"
  integrity sha512-t5ADkSJTsi2AP1rkvCCU9tsuNz7d0G8Q4xJ7wNnAPEY1S49jf1T3XbDHuAqNStxVWLcCE91XRwhT1/Sngc22Qg==
  dependencies:
    "@thi.ng/api" "^6.10.3"
    tslib "^1.11.1"

"@thi.ng/compare@^1.3.5":
  version "1.3.5"
  resolved "https://registry.yarnpkg.com/@thi.ng/compare/-/compare-1.3.5.tgz#80efc303e9d1586077a7cfc3b21f1f52625df68f"
  integrity sha512-AklWlaet51fCNoEeyS2aCjfCx6w1xRx41SBAELG005ax79naK0MWZ7ArMCT0J6fvLm4ME9RqWP7I1RNehnHJ3w==
  dependencies:
    "@thi.ng/api" "^6.10.4"
    tslib "^1.11.1"

"@thi.ng/compose@^1.4.6":
  version "1.4.6"
  resolved "https://registry.yarnpkg.com/@thi.ng/compose/-/compose-1.4.6.tgz#f58b779cbf7baebfb848c187c01e694f032e18d2"
  integrity sha512-yoFaFq80MsEPG+a6A+2wbUYNqKKurOi121zR1/oS3DyYiiL8plbOfNO7yvdb6aVosxSKTdHRjqGfXr0NBJ84Gw==
  dependencies:
    "@thi.ng/api" "^6.10.4"
    "@thi.ng/errors" "^1.2.13"
    tslib "^1.11.1"

"@thi.ng/dcons@^2.2.15":
  version "2.2.15"
  resolved "https://registry.yarnpkg.com/@thi.ng/dcons/-/dcons-2.2.15.tgz#94fe5a77403334d68a29c23d86a050f0eb509f75"
  integrity sha512-G2Q4WEONciwwjTfTyxyPdZLuUp0g3FjPnHEvh5NFH1wQO2OLqaHgiubjexqGwexcwZw8YS164mQnSQPvgGNLOw==
  dependencies:
    "@thi.ng/api" "^6.10.4"
    "@thi.ng/checks" "^2.6.5"
    "@thi.ng/compare" "^1.3.5"
    "@thi.ng/equiv" "^1.0.22"
    "@thi.ng/errors" "^1.2.13"
    "@thi.ng/random" "^1.4.8"
    "@thi.ng/transducers" "^6.4.9"
    tslib "^1.11.1"

"@thi.ng/defmulti@^1.2.11":
  version "1.2.11"
  resolved "https://registry.yarnpkg.com/@thi.ng/defmulti/-/defmulti-1.2.11.tgz#3ec3daded3a623748de115bd97a99019870a67d9"
  integrity sha512-Z5lr46Lfp6v2tWmbJQseKPRfs2CAbrlgtL73w+zsDtzXkCYALBzotUYVuQTYsrlMlIUqKZNymmIM+c4YMOaaEg==
  dependencies:
    "@thi.ng/api" "^6.10.1"
    "@thi.ng/errors" "^1.2.10"
    tslib "^1.11.1"

"@thi.ng/equiv@^1.0.21":
  version "1.0.21"
  resolved "https://registry.yarnpkg.com/@thi.ng/equiv/-/equiv-1.0.21.tgz#e98535df9a5a2dc502485adc9079d50a7a702ce5"
  integrity sha512-w7CIIROeS351ot9ESa7/qeykopZLKKbS+GjOLuqlzeMF4FSi3+dgYtSiiAbhPF2ifPKWJh7gvylzH5uS/q0U2w==
  dependencies:
    tslib "^1.11.1"

"@thi.ng/equiv@^1.0.22":
  version "1.0.22"
  resolved "https://registry.yarnpkg.com/@thi.ng/equiv/-/equiv-1.0.22.tgz#1e4a485e39cb226bca24de224925cb08d82aad3a"
  integrity sha512-IEDEa/ciJwUBEpZNGl5mTyqYdLgOrFplmhVPNm5CJp6mLHRIYmgkEkpqwaTbIQGkvkbSNKb7RjqHnrMkl/ryKA==
  dependencies:
    tslib "^1.11.1"

"@thi.ng/errors@^1.2.10":
  version "1.2.10"
  resolved "https://registry.yarnpkg.com/@thi.ng/errors/-/errors-1.2.10.tgz#c1affded142e6811f315d784126a6cfd71894cf8"
  integrity sha512-iYpOUCxARYSuK3Y7iE9lsar2/oh23gcUu5oil1nqXITVeOqUDb+52/yj09lV84GppUZ/trI0eA1m8PCt7G/UXA==
  dependencies:
    tslib "^1.11.1"

"@thi.ng/errors@^1.2.11":
  version "1.2.11"
  resolved "https://registry.yarnpkg.com/@thi.ng/errors/-/errors-1.2.11.tgz#f2d3d1320041d958b3a6c4daac0c3d9c06cd02c6"
  integrity sha512-gZJGpqObivRcwtGdSIbAYe/nJS/pHcfrt48h/NXd5U4hvV7RodlJOMn8R6YevCFljoR3iHixV0sfqrCfi+J7Jg==
  dependencies:
    tslib "^1.11.1"

"@thi.ng/errors@^1.2.12":
  version "1.2.12"
  resolved "https://registry.yarnpkg.com/@thi.ng/errors/-/errors-1.2.12.tgz#f41e6d3b8e486d6a448ceb9c8b244e4b218197b4"
  integrity sha512-GCDlJqv1Zk0v4eNmKAkjxHCCZwnFmdc6MhJVLKHynmJWmQBZA7qJZcYOpZK/tG0hKyEpQmZWf2keX3K42czC9A==
  dependencies:
    tslib "^1.11.1"

"@thi.ng/errors@^1.2.13":
  version "1.2.13"
  resolved "https://registry.yarnpkg.com/@thi.ng/errors/-/errors-1.2.13.tgz#364a265b4353e89dad72084d2d74f2df69673b9c"
  integrity sha512-r6AcJAss3ZBhsiXCpih7es6/Na01f0rcns45vYD66gDaVDZfNlmrIdAiKOhlAJQl9dlRJDE3JnCN+4a1Cns18A==
  dependencies:
    tslib "^1.11.1"

"@thi.ng/math@^1.7.9":
  version "1.7.9"
  resolved "https://registry.yarnpkg.com/@thi.ng/math/-/math-1.7.9.tgz#88cfeda6bc731cfff739890b8a0aec1f33b4d31b"
  integrity sha512-SuadfjLoFXH/3g3HOAxjddeQHU+5U2IOf7Z//rdAxNG22joaNPiJ+2HZZ2A0I66j6NPeGMiHWbDa0wzAPXuZHQ==
  dependencies:
    tslib "^1.11.1"

"@thi.ng/memoize@^2.0.10":
  version "2.0.10"
  resolved "https://registry.yarnpkg.com/@thi.ng/memoize/-/memoize-2.0.10.tgz#e75b50dfad4364b95a52eb3945931cae7ddf15e5"
  integrity sha512-G+rIjtDTBzBxbDjPoPUxWhg+QBnodLFKl1Ltvj1L8QIk2Fa1izVVxWVbpxKETAX4eI1OqRBa1+qYhnez4BIE2A==
  dependencies:
    "@thi.ng/api" "^6.10.4"
    tslib "^1.11.1"

"@thi.ng/memoize@^2.0.7":
  version "2.0.7"
  resolved "https://registry.yarnpkg.com/@thi.ng/memoize/-/memoize-2.0.7.tgz#bc29ff43734fd59ffa71e488489843f793337ca1"
  integrity sha512-B/hWKRozBlKK790tJUHrgeoKd9gyvJpRTtVQXR3da7OHoOVqL6BXunMeL4S9J4TFxkDg3TLyqAhPJ+YYhcd2fQ==
  dependencies:
    "@thi.ng/api" "^6.10.1"
    tslib "^1.11.1"

"@thi.ng/parse@^0.4.0":
  version "0.4.0"
  resolved "https://registry.yarnpkg.com/@thi.ng/parse/-/parse-0.4.0.tgz#22639240ab6d374fec010b73e16635bf99e1d6f1"
  integrity sha512-b3kgBKN+h/OqbMzbq1KKalZlXBU3BJ3S01AOUGGLcihxd7ihwuHSs6is0pRRYTHk6jBLWl46SFLdkeux9P4koA==
  dependencies:
    "@thi.ng/api" "^6.10.0"
    "@thi.ng/checks" "^2.6.2"
    "@thi.ng/errors" "^1.2.10"
    "@thi.ng/strings" "^1.8.4"

"@thi.ng/paths@^4.0.3":
  version "4.0.3"
  resolved "https://registry.yarnpkg.com/@thi.ng/paths/-/paths-4.0.3.tgz#86733e180ab96b3c821c73c56773d0539daa4597"
  integrity sha512-GmZguTiMNYn1HvGXr+ZZVWa7yACqCXa5Kyope76fGT5VEpZfzFaycPbTgaskixRisZqjeXCGE5eW0P9PfyuOVg==
  dependencies:
    "@thi.ng/checks" "^2.6.3"
    "@thi.ng/errors" "^1.2.11"
    tslib "^1.11.1"

"@thi.ng/paths@^4.0.5":
  version "4.0.5"
  resolved "https://registry.yarnpkg.com/@thi.ng/paths/-/paths-4.0.5.tgz#1d0e39bb3fa590e2d1d56df901bc8e6bd2dd318b"
  integrity sha512-FuvYna2Pg9LHuMMiffB0RD6mvj8H02jLDftgOw32ViKBrA6IxduZF7oBeWoO01vlIQP2ABdajrPq8JCX688BJg==
  dependencies:
    "@thi.ng/checks" "^2.6.5"
    "@thi.ng/errors" "^1.2.13"
    tslib "^1.11.1"

"@thi.ng/random@^1.4.7":
  version "1.4.7"
  resolved "https://registry.yarnpkg.com/@thi.ng/random/-/random-1.4.7.tgz#67e378f9f3a65d069cbd56c45a6de421ec112680"
  integrity sha512-gWE0BTYPZyghEdyCDvjSzozI2kuSgiqgbOHc1Ai41Mn84xy+uQr76tOz7L/gaNhmRypiXgCjOLhRT5CsfhorsQ==
  dependencies:
    "@thi.ng/api" "^6.10.3"
    "@thi.ng/checks" "^2.6.4"
    tslib "^1.11.1"

"@thi.ng/random@^1.4.8":
  version "1.4.8"
  resolved "https://registry.yarnpkg.com/@thi.ng/random/-/random-1.4.8.tgz#f5ba3b49b30d652d32fed103897d1cbc5c8b2d10"
  integrity sha512-gjrMsHlSIZEXkJu3r3tUff8cAfQlOVpeG3XvYVaT6x9+x7i+JQ087GsON92P1Vz8ucW2t4HB54hhdpyCMo9a6g==
  dependencies:
    "@thi.ng/api" "^6.10.4"
    "@thi.ng/checks" "^2.6.5"
    tslib "^1.11.1"

"@thi.ng/rstream@^4.0.8":
  version "4.0.8"
  resolved "https://registry.yarnpkg.com/@thi.ng/rstream/-/rstream-4.0.8.tgz#74ee1039629dffa81c4c07c66a2a25584a5b8d61"
  integrity sha512-bKLflwZm1ppr9L2igqcYDaOsjGM3vHMFyrr/xi3d/Vc5FMTVSvQZ5xNjY18NpVSlKKVEzVXDSYI6aHAE0cFpgQ==
  dependencies:
    "@thi.ng/api" "^6.10.4"
    "@thi.ng/associative" "^4.0.7"
    "@thi.ng/atom" "^4.1.6"
    "@thi.ng/checks" "^2.6.5"
    "@thi.ng/errors" "^1.2.13"
    "@thi.ng/paths" "^4.0.5"
    "@thi.ng/transducers" "^6.4.9"
    tslib "^1.11.1"

"@thi.ng/strings@^1.8.4":
  version "1.8.4"
  resolved "https://registry.yarnpkg.com/@thi.ng/strings/-/strings-1.8.4.tgz#c1d12dd48745532cb392903ad0eeec3a72fbad35"
  integrity sha512-eMNHBgmjw1UjwMvKGUKwVK+JBjRkUzvXyQGA+TGJ1wQPjei0ZRAJ/CqCjkg73mr95uUbBzOMC9ato61pHzzKBg==
  dependencies:
    "@thi.ng/api" "^6.10.1"
    "@thi.ng/errors" "^1.2.10"
    "@thi.ng/memoize" "^2.0.7"
    tslib "^1.11.1"

"@thi.ng/strings@^1.8.7":
  version "1.8.7"
  resolved "https://registry.yarnpkg.com/@thi.ng/strings/-/strings-1.8.7.tgz#66459ec5fed413f904982f88c4463d569309b2c5"
  integrity sha512-JPdkNGw5QOw77PSooiqsNUNfMB9R2u1ITSJRNH3NNXIm1szTq66fEYvdJvjpGci5i+h6g5qTQuesAZ1BpLCdXw==
  dependencies:
    "@thi.ng/api" "^6.10.4"
    "@thi.ng/errors" "^1.2.13"
    "@thi.ng/memoize" "^2.0.10"
    tslib "^1.11.1"

"@thi.ng/transducers@^6.4.9":
  version "6.4.9"
  resolved "https://registry.yarnpkg.com/@thi.ng/transducers/-/transducers-6.4.9.tgz#204699d4887fa4f376a1ade96f94307ea4c2b652"
  integrity sha512-sq3eUhDf5HgVGIdOE4LFI8iSz2aWKAnx7C1aKk/RJd7XmsXA+RxJwXGVKbtZFU/XXC6V0I2NFGyF3UqNmN/A1g==
  dependencies:
    "@thi.ng/api" "^6.10.4"
    "@thi.ng/arrays" "^0.6.6"
    "@thi.ng/checks" "^2.6.5"
    "@thi.ng/compare" "^1.3.5"
    "@thi.ng/compose" "^1.4.6"
    "@thi.ng/equiv" "^1.0.22"
    "@thi.ng/errors" "^1.2.13"
    "@thi.ng/math" "^1.7.9"
    "@thi.ng/random" "^1.4.8"
    "@thi.ng/strings" "^1.8.7"
    tslib "^1.11.1"

"@thi.ng/zipper@^0.1.13":
  version "0.1.13"
  resolved "https://registry.yarnpkg.com/@thi.ng/zipper/-/zipper-0.1.13.tgz#89b64c7d0945bcb17eca7b575e5c35eb99dc66b7"
  integrity sha512-dQrZi31W8cXm3+8/K8jn9Ld+kAn8/XiWye8KkQOISdbTC9VENKi/dOQ1ZeSGiKmjEbt5/e8lqlojBW6yw1J4uw==
  dependencies:
    "@thi.ng/api" "^6.10.3"
    "@thi.ng/arrays" "^0.6.5"
    "@thi.ng/checks" "^2.6.4"
    tslib "^1.11.1"

"@types/node@^13.13.1":
  version "13.13.1"
  resolved "https://registry.yarnpkg.com/@types/node/-/node-13.13.1.tgz#1ba94c5a177a1692518bfc7b41aec0aa1a14354e"
  integrity sha512-uysqysLJ+As9jqI5yqjwP3QJrhOcUwBjHUlUxPxjbplwKoILvXVsmYWEhfmAQlrPfbRZmhJB007o4L9sKqtHqQ==

tslib@^1.11.1:
  version "1.11.1"
  resolved "https://registry.yarnpkg.com/tslib/-/tslib-1.11.1.tgz#eb15d128827fbee2841549e171f45ed338ac7e35"
  integrity sha512-aZW88SY8kQbU7gpV19lN24LtXh/yD4ZZg6qieAJDDg+YBsJcSmLGK9QpnUjAKVG/xefmvJGd1WUmfpT/g6AJGA==

typescript@^3.8.3:
  version "3.8.3"
  resolved "https://registry.yarnpkg.com/typescript/-/typescript-3.8.3.tgz#409eb8544ea0335711205869ec458ab109ee1061"
  integrity sha512-MYlEfn5VrLNsgudQTVJeNaQFUAI7DkhnOjdpAp4T+ku1TfQClewlbSuTVHiA+8skNBgaf02TL/kLOvig4y3G8w==
