# THIS IS AN AUTOGENERATED FILE. DO NOT EDIT THIS FILE DIRECTLY.
# yarn lockfile v1


"@thi.ng/api@^6.10.5":
  version "6.10.5"
  resolved "https://registry.yarnpkg.com/@thi.ng/api/-/api-6.10.5.tgz#110c1908a8a32c4d337f76428560be5dde14af7a"
  integrity sha512-yBYZAsvwLaHbfPWbsFk0gpyFZgkFWCScyieDa0IAGb9y4EIs+Q3M83V41vlYgf+wG5HLE9qIJ6Px3guLvKVsGg==
  dependencies:
    tslib "^1.12.0"

"@thi.ng/arrays@^0.6.7":
  version "0.6.7"
  resolved "https://registry.yarnpkg.com/@thi.ng/arrays/-/arrays-0.6.7.tgz#a8bd36e9190c6af3cb5de68d6c472b40c204a35f"
  integrity sha512-00egZq/hh8JNyQncSzkRE0IB4WSe+BY7uvepHc0R+UWjJ9vLwCwAMy7X+6nLFmB07bjYFsHCVvHgEF9qNJXZPw==
  dependencies:
    "@thi.ng/api" "^6.10.5"
    "@thi.ng/checks" "^2.7.0"
    "@thi.ng/compare" "^1.3.6"
    "@thi.ng/equiv" "^1.0.23"
    "@thi.ng/errors" "^1.2.14"
    "@thi.ng/random" "^1.4.9"
    tslib "^1.12.0"

"@thi.ng/associative@^4.0.8":
  version "4.0.8"
  resolved "https://registry.yarnpkg.com/@thi.ng/associative/-/associative-4.0.8.tgz#9a11c52388bf51bfde8674504a1422f41be9ed62"
  integrity sha512-+lcw7ZpiBYc6sekAtFt3c0o44XX8OQ8P6N/RvkLQwYFtjvuxScQUzYAr2VdehQFt6Fk8SWXpB3Gqno8gV1P+4g==
  dependencies:
    "@thi.ng/api" "^6.10.5"
    "@thi.ng/binary" "^2.0.7"
    "@thi.ng/checks" "^2.7.0"
    "@thi.ng/compare" "^1.3.6"
    "@thi.ng/dcons" "^2.2.16"
    "@thi.ng/equiv" "^1.0.23"
    "@thi.ng/errors" "^1.2.14"
    "@thi.ng/transducers" "^6.5.0"
    tslib "^1.12.0"

"@thi.ng/atom@^4.1.7":
  version "4.1.7"
  resolved "https://registry.yarnpkg.com/@thi.ng/atom/-/atom-4.1.7.tgz#491e9301a55417c4229ea2da50a86a2b15c8e69e"
  integrity sha512-URC9SU0UlWIlkwu71pgGR0E0auUUkPLyu+NRvefSZi8/9c3HglIVxf+aksdSxijfO48Jx6UH3ATTNK2sXsx7OQ==
  dependencies:
    "@thi.ng/api" "^6.10.5"
    "@thi.ng/checks" "^2.7.0"
    "@thi.ng/equiv" "^1.0.23"
    "@thi.ng/errors" "^1.2.14"
    "@thi.ng/paths" "^4.0.6"
    tslib "^1.12.0"

"@thi.ng/binary@^2.0.7":
  version "2.0.7"
  resolved "https://registry.yarnpkg.com/@thi.ng/binary/-/binary-2.0.7.tgz#d7fb98e1cd3d5e4d079d5c4c9271574311737e9b"
  integrity sha512-IgApvl8mieTy152zDppytFCM71OcDeDpzVhDkDZiD1CUbvOiucgG2w4FdcbAspsVLo8EEI6i0bN2yZyS75NrgQ==
  dependencies:
    tslib "^1.12.0"

"@thi.ng/checks@^2.7.0":
  version "2.7.0"
  resolved "https://registry.yarnpkg.com/@thi.ng/checks/-/checks-2.7.0.tgz#6fdf9307a3cbf5d019556112e71fa9c4bffc4181"
  integrity sha512-xdpelI5UNW94+IZ3Tyi34H/NmNTXjBaoVDD4iZumDfffBpGi9ZGdZy8W5jiIyfDbIXo769+KtG2EQxOEDhJwrA==
  dependencies:
    tslib "^1.12.0"

"@thi.ng/compare@^1.3.6":
  version "1.3.6"
  resolved "https://registry.yarnpkg.com/@thi.ng/compare/-/compare-1.3.6.tgz#e4292a0d8ed5e1c53b9435a154b5c8ad75293c56"
  integrity sha512-NDn9FT6WDfzENJ2cUWhBTXzJ/9XOzNqI2n7egMrZC8VEE5GeNUD0OR8G0db13FQSdDCzPHS1CNWmkUwebFog4w==
  dependencies:
    "@thi.ng/api" "^6.10.5"
    tslib "^1.12.0"

"@thi.ng/compose@^1.4.7":
  version "1.4.7"
  resolved "https://registry.yarnpkg.com/@thi.ng/compose/-/compose-1.4.7.tgz#a66617b245f1924d69159bfa587a0b7ea0c25b47"
  integrity sha512-J5JtoudwidvnzxAt5oNalMXXZ28rljTsbM3nuIMjNZBcHdSdeFYXv49lezrQeR1v/q6YsCaWLkY/NQpg+mSOZw==
  dependencies:
    "@thi.ng/api" "^6.10.5"
    "@thi.ng/errors" "^1.2.14"
    tslib "^1.12.0"

"@thi.ng/dcons@^2.2.16":
  version "2.2.16"
  resolved "https://registry.yarnpkg.com/@thi.ng/dcons/-/dcons-2.2.16.tgz#2e7609c3841288c9fb17a80a7ec7c1af1ec9be20"
  integrity sha512-nosS9XDpfSISeo2ZqwjVvGdILKDB58R5Ar0OzTOB7BtbOIb8X0E+dVcr7TGfttqau3sPrTOKikTKdEzrMCtsiw==
  dependencies:
    "@thi.ng/api" "^6.10.5"
    "@thi.ng/checks" "^2.7.0"
    "@thi.ng/compare" "^1.3.6"
    "@thi.ng/equiv" "^1.0.23"
    "@thi.ng/errors" "^1.2.14"
    "@thi.ng/random" "^1.4.9"
    "@thi.ng/transducers" "^6.5.0"
    tslib "^1.12.0"

"@thi.ng/defmulti@^1.2.15":
  version "1.2.15"
  resolved "https://registry.yarnpkg.com/@thi.ng/defmulti/-/defmulti-1.2.15.tgz#475f91142c4da4bad1059179a5be3ef6e7e362d8"
  integrity sha512-5S3FEZA6LMxOh1WQQj4yzcEiFwc2+xp7mM728zved2aloAeVvqnaW+RKc7GhO0GGpj3ps6mb1xpGjbtkQCJCrQ==
  dependencies:
    "@thi.ng/api" "^6.10.5"
    "@thi.ng/errors" "^1.2.14"
    tslib "^1.12.0"

"@thi.ng/equiv@^1.0.23":
  version "1.0.23"
  resolved "https://registry.yarnpkg.com/@thi.ng/equiv/-/equiv-1.0.23.tgz#1854086db32460da2081fd61c8f4f6474d22eb53"
  integrity sha512-u/bQn9Q8PnESC3PSPM6Tsd6dqeV6bwSeBX2BSc6EhtAzTIGjCB6nOKPXMJ7h1kaJNgaMaGER2LRof63UuwQdbA==
  dependencies:
    tslib "^1.12.0"

"@thi.ng/errors@^1.2.14":
  version "1.2.14"
  resolved "https://registry.yarnpkg.com/@thi.ng/errors/-/errors-1.2.14.tgz#15220c3492da56aa2bb5de6127bd2e21b3e9e35c"
  integrity sha512-IR1QMoKI/fIxq17pO+/MXvc1MPuRVMz9IWqBZ78ZQ2mVIgceB3f4bA9HB8AX0f8wgI+MWkDjJlSxpywamCn7/g==
  dependencies:
    tslib "^1.12.0"

"@thi.ng/math@^1.7.10":
  version "1.7.10"
  resolved "https://registry.yarnpkg.com/@thi.ng/math/-/math-1.7.10.tgz#eb247a3f2e4e53fb94d2296d0ec23edc3aace4af"
  integrity sha512-dZsXOOJaljob0/e5r+IIq6So3/ZTUhuTFqRAACMBqqRoWacyp9PZfYUNkhcPWopD/s/Fx6uUEpohLHWtCB3DlQ==
  dependencies:
    tslib "^1.12.0"

"@thi.ng/memoize@^2.0.11":
  version "2.0.11"
  resolved "https://registry.yarnpkg.com/@thi.ng/memoize/-/memoize-2.0.11.tgz#8b6e34de87270cf1dce4e1a25ed04019602ff995"
  integrity sha512-h4ElMwSXroUJf5Bee9x4Y5slc5Sp7JAz5Hqv7qrg+8OsH2UW3ogRpq/r9/iIiQthxJLMavX+J1fIotNL2XxzWg==
  dependencies:
    "@thi.ng/api" "^6.10.5"
    tslib "^1.12.0"

"@thi.ng/parse@^0.5.4":
  version "0.5.4"
  resolved "https://registry.yarnpkg.com/@thi.ng/parse/-/parse-0.5.4.tgz#b7fe15ff048f863817fa0e51ae9c71dd9302fa3e"
  integrity sha512-Rn3+xk/58zzCvMU+BGv/g+e1d50D88fVlHgwYZBeWMyLrSXlwgC9j9yShh8SI171r/h4uQIRph1S/uGywatuqg==
  dependencies:
    "@thi.ng/api" "^6.10.5"
    "@thi.ng/checks" "^2.7.0"
    "@thi.ng/defmulti" "^1.2.15"
    "@thi.ng/errors" "^1.2.14"
    "@thi.ng/strings" "^1.8.8"

"@thi.ng/paths@^4.0.6":
  version "4.0.6"
  resolved "https://registry.yarnpkg.com/@thi.ng/paths/-/paths-4.0.6.tgz#254845b8d899e0ee2533a463e4cd14b1b0ead426"
  integrity sha512-mQfNT7R61MRVNuFxA14nucfH9WguAe5SCafb3Kuncg5DnfN3TNDjtccSeMZz7n1ccb7o92c0aKYeTr+ZrhmE4w==
  dependencies:
    "@thi.ng/checks" "^2.7.0"
    "@thi.ng/errors" "^1.2.14"
    tslib "^1.12.0"

"@thi.ng/random@^1.4.9":
  version "1.4.9"
  resolved "https://registry.yarnpkg.com/@thi.ng/random/-/random-1.4.9.tgz#29094c64261d75a8c93aa6069cca996bf5365766"
  integrity sha512-TdnWFkqAfjtjTr4gEOJh5xf7O4BvWnpMNw3ViTQ6krqaElCwsO7SOdHYfacF+4tGo9Q1W9mI9lVOEvh/qq0JDg==
  dependencies:
    "@thi.ng/api" "^6.10.5"
    "@thi.ng/checks" "^2.7.0"
    tslib "^1.12.0"

"@thi.ng/rstream@^4.1.0":
  version "4.1.0"
  resolved "https://registry.yarnpkg.com/@thi.ng/rstream/-/rstream-4.1.0.tgz#ccd7f6ad7ef2dd902037396d35a3b1ff9d8c1e3b"
  integrity sha512-FAnJU2lORZN9UZk0jueV9zaN5m4zvrxN0kMTGvBqDCKmUOHglrWulRYJCvXG2hBAqI+abkSisV8gG6C7F7xDUg==
  dependencies:
    "@thi.ng/api" "^6.10.5"
    "@thi.ng/associative" "^4.0.8"
    "@thi.ng/atom" "^4.1.7"
    "@thi.ng/checks" "^2.7.0"
    "@thi.ng/errors" "^1.2.14"
    "@thi.ng/paths" "^4.0.6"
    "@thi.ng/transducers" "^6.5.0"
    tslib "^1.12.0"

"@thi.ng/strings@^1.8.8":
  version "1.8.8"
  resolved "https://registry.yarnpkg.com/@thi.ng/strings/-/strings-1.8.8.tgz#20103c7bdf3beeb8f2b09802570ccd4ec7d784ef"
  integrity sha512-JW190Ko21KX1yl5tuXuDFvJ3TthLmO6YYfPYK+YGCq+3T6uL4zyxSramA+fbNmX6U72ve7hiUCbkqtHQtol/Gg==
  dependencies:
    "@thi.ng/api" "^6.10.5"
    "@thi.ng/errors" "^1.2.14"
    "@thi.ng/memoize" "^2.0.11"
    tslib "^1.12.0"

"@thi.ng/transducers@^6.5.0":
  version "6.5.0"
  resolved "https://registry.yarnpkg.com/@thi.ng/transducers/-/transducers-6.5.0.tgz#3d813da8925f32a16d25087c5381e7fefbda5812"
  integrity sha512-mZ6nrk4jplMzU6XNUG9ged6jlN/YtWpFlNT3bcVddEuW9+KNEcsmOEvZyZAiZcmz8nLM4ROmWItILJvi02w3rA==
  dependencies:
    "@thi.ng/api" "^6.10.5"
    "@thi.ng/arrays" "^0.6.7"
    "@thi.ng/checks" "^2.7.0"
    "@thi.ng/compare" "^1.3.6"
    "@thi.ng/compose" "^1.4.7"
    "@thi.ng/equiv" "^1.0.23"
    "@thi.ng/errors" "^1.2.14"
    "@thi.ng/math" "^1.7.10"
    "@thi.ng/random" "^1.4.9"
    "@thi.ng/strings" "^1.8.8"
    tslib "^1.12.0"

"@types/node@^13.13.1":
  version "13.13.6"
  resolved "https://registry.yarnpkg.com/@types/node/-/node-13.13.6.tgz#caa6756b64d30547a2082235531fa0dd8cba1b6e"
  integrity sha512-zqRj8ugfROCjXCNbmPBe2mmQ0fJWP9lQaN519hwunOgpHgVykme4G6FW95++dyNFDvJUk4rtExkVkL0eciu5NA==

tslib@^1.12.0:
  version "1.13.0"
  resolved "https://registry.yarnpkg.com/tslib/-/tslib-1.13.0.tgz#c881e13cc7015894ed914862d276436fa9a47043"
  integrity sha512-i/6DQjL8Xf3be4K/E6Wgpekn5Qasl1usyw++dAA35Ue5orEn65VIxOA+YvNNl9HV3qv70T7CNwjODHZrLwvd1Q==

typescript@^3.8.3:
  version "3.9.2"
  resolved "https://registry.yarnpkg.com/typescript/-/typescript-3.9.2.tgz#64e9c8e9be6ea583c54607677dd4680a1cf35db9"
  integrity sha512-q2ktq4n/uLuNNShyayit+DTobV2ApPEo/6so68JaD5ojvc/6GClBipedB9zNWYxRSAlZXAe405Rlijzl6qDiSw==
