# This file is generated by running "yarn install" inside your project.
# Manual changes might be lost - proceed with caution!

__metadata:
  version: 4
  cacheKey: 7

"@thi.ng/api@npm:^6.12.3":
  version: 6.12.3
  resolution: "@thi.ng/api@npm:6.12.3"
  dependencies:
    tslib: ^2.0.1
  checksum: 99061508a71bb8b0ab711e960e21e66d5b4f6982fdfc7ce8471500f28af8c6aa741df0b21d4788a0d980e7ad19d4aa5e81150dd7ce6a3ab7e9ac2a6e1baf8c85
  languageName: node
  linkType: hard

"@thi.ng/arrays@npm:^0.7.0":
  version: 0.7.0
  resolution: "@thi.ng/arrays@npm:0.7.0"
  dependencies:
    "@thi.ng/api": ^6.12.3
    "@thi.ng/checks": ^2.7.7
    "@thi.ng/compare": ^1.3.15
    "@thi.ng/equiv": ^1.0.30
    "@thi.ng/errors": ^1.2.20
    "@thi.ng/random": ^2.0.0
  checksum: a8a3ec3f910b2ec6f56b52e8e436be80d757ce72d69a84c3e4cf5ec8194c00d3049e948209b09ab8ef3a6b8974437915c649bb4584871c8fdb8beb9e9ff98bd4
  languageName: node
  linkType: hard

"@thi.ng/associative@npm:^5.0.5":
  version: 5.0.5
  resolution: "@thi.ng/associative@npm:5.0.5"
  dependencies:
    "@thi.ng/api": ^6.12.3
    "@thi.ng/binary": ^2.0.14
    "@thi.ng/checks": ^2.7.7
    "@thi.ng/compare": ^1.3.15
    "@thi.ng/dcons": ^2.2.30
    "@thi.ng/equiv": ^1.0.30
    "@thi.ng/errors": ^1.2.20
    "@thi.ng/transducers": ^7.3.0
    tslib: ^2.0.1
  checksum: 211e16581ab38579220e019d8fb407892658c837f4ac162da88317bb2a8512289519b80ba100960f67667e98f9125265097149433f055eb0addf9ea3003b6ab8
  languageName: node
  linkType: hard

"@thi.ng/atom@npm:^4.1.19":
  version: 4.1.19
  resolution: "@thi.ng/atom@npm:4.1.19"
  dependencies:
    "@thi.ng/api": ^6.12.3
    "@thi.ng/equiv": ^1.0.30
    "@thi.ng/errors": ^1.2.20
    "@thi.ng/paths": ^4.1.5
    tslib: ^2.0.1
  checksum: 37be19998c1f73c27a5b6f7ca6df85e163811d89c43c255281bced3334613c4993233598943e4049e7bf51084b3e53e63b06ee9e990c7aaeb3b3ebc88d59768d
  languageName: node
  linkType: hard

"@thi.ng/binary@npm:^2.0.14":
  version: 2.0.14
  resolution: "@thi.ng/binary@npm:2.0.14"
  dependencies:
    tslib: ^2.0.1
  checksum: 7d3a1d37df4d5878c4a7cb25b485f47f52a6226d3d43abdefccf4779156cbef3091a59db2a4762870941e6e31fdb03577a5637a7715595b386038b68ecbeb337
  languageName: node
  linkType: hard

"@thi.ng/checks@npm:^2.7.7":
  version: 2.7.7
  resolution: "@thi.ng/checks@npm:2.7.7"
  dependencies:
    tslib: ^2.0.1
  checksum: 24ced162bb60f8837c9397745cc921f2c6a37b9d8d49f92eaef39821d45e250b2f1e3dce3c0056c5fd1c70e8390f462533bb55388f759770267276a3426644e9
  languageName: node
  linkType: hard

"@thi.ng/compare@npm:^1.3.15":
  version: 1.3.15
  resolution: "@thi.ng/compare@npm:1.3.15"
  dependencies:
    "@thi.ng/api": ^6.12.3
  checksum: 99f296e6202f9f503fcabb300d782b8c7404ab6e4eb3665591a9238af9554dd176e00d11aea2c360bd169391ff10b59b56fd38f7bac3b9ed759a7bcca5b38ef2
  languageName: node
  linkType: hard

"@thi.ng/compose@npm:^1.4.16":
  version: 1.4.16
  resolution: "@thi.ng/compose@npm:1.4.16"
  dependencies:
    "@thi.ng/api": ^6.12.3
    "@thi.ng/errors": ^1.2.20
  checksum: b2663e0d4e7f44a9536a1649ed67d4aace0b844a280db9889978e1c39c077d254a37304280951fcc715452a04b19ea4f1950dd7fcb1c17d83dc59a5226aa8a4a
  languageName: node
  linkType: hard

"@thi.ng/dcons@npm:^2.2.30":
  version: 2.2.30
  resolution: "@thi.ng/dcons@npm:2.2.30"
  dependencies:
    "@thi.ng/api": ^6.12.3
    "@thi.ng/checks": ^2.7.7
    "@thi.ng/compare": ^1.3.15
    "@thi.ng/equiv": ^1.0.30
    "@thi.ng/errors": ^1.2.20
    "@thi.ng/random": ^2.0.0
    "@thi.ng/transducers": ^7.3.0
  checksum: 40d92d1686c363a9de0f9f4970332887bf9041129f7bb1fa7b6b17bd083064156f5669d9af86cf83641712403a154280b8efef4ac222b0cdb538d3ef98b4b067
  languageName: node
  linkType: hard

"@thi.ng/defmulti@npm:^1.2.24":
  version: 1.2.24
  resolution: "@thi.ng/defmulti@npm:1.2.24"
  dependencies:
    "@thi.ng/api": ^6.12.3
    "@thi.ng/errors": ^1.2.20
  checksum: cef4340b1bcdc5c2f9d1e82a5dca73396528845df9dff0a0dc9cbbe9eea461bff5e5e0753a79ffe8264ee79faacd1e48f918f0fd53f160b6bde7652d85fbd49e
  languageName: node
  linkType: hard

"@thi.ng/equiv@npm:^1.0.30":
  version: 1.0.30
  resolution: "@thi.ng/equiv@npm:1.0.30"
  checksum: aded056d25e04159c998ccb3eca499c3e02b658327a7a8a57eb7b9a0da2f48aad308af5d79455e663fc0c6d851d8a731efd0b53d68c8887e2c727d81af84196a
  languageName: node
  linkType: hard

"@thi.ng/errors@npm:^1.2.20":
  version: 1.2.20
  resolution: "@thi.ng/errors@npm:1.2.20"
  dependencies:
    tslib: ^2.0.1
  checksum: a706c489dc23a95a4a1f57c02276fa8f99456f54d2015a1e07c5aff2d6fb33950689883e82cd018fcc72d540068c5ba2628a9586272afb6972575f9cbdae07f7
  languageName: node
  linkType: hard

"@thi.ng/math@npm:^2.0.4":
  version: 2.0.4
  resolution: "@thi.ng/math@npm:2.0.4"
  dependencies:
    tslib: ^2.0.1
  checksum: 14ebeeaa9e18780f4e6cacae4de469f7c4cbd31bd522dd98b088215635f931ceb58ba45a95432d8c87a153bf2f83be8dea58429b9a18a10caf70cd186c27f026
  languageName: node
  linkType: hard

"@thi.ng/memoize@npm:^2.1.1":
  version: 2.1.1
  resolution: "@thi.ng/memoize@npm:2.1.1"
  dependencies:
    "@thi.ng/api": ^6.12.3
  checksum: d01100c1d526810dbdf7001b5c9aedfe084220700b84a9cd088da3b4b5604d1c1e597d83ff5df2e046ada13e99147f2b0abf818abc5d4607272cf393efcbfbfc
  languageName: node
  linkType: hard

"@thi.ng/parse@npm:^0.9.2":
  version: 0.9.2
  resolution: "@thi.ng/parse@npm:0.9.2"
  dependencies:
    "@thi.ng/api": ^6.12.3
    "@thi.ng/checks": ^2.7.7
    "@thi.ng/defmulti": ^1.2.24
    "@thi.ng/errors": ^1.2.20
    "@thi.ng/strings": ^1.9.5
  checksum: 02fe4927322daf21d3ab3eb05648329f24b3e37c991ee9968c50a30752a83945abc60f3b6c17953355c862ad4392dcb8d674ca8db76a3b87c369ac1bd9f8382d
  languageName: node
  linkType: hard

"@thi.ng/paths@npm:^4.1.5":
  version: 4.1.5
  resolution: "@thi.ng/paths@npm:4.1.5"
  dependencies:
    "@thi.ng/api": ^6.12.3
    "@thi.ng/checks": ^2.7.7
    "@thi.ng/errors": ^1.2.20
  checksum: 761bfd17d490541aafda6fd3c4e55ab59069ff0381a7c29bf9b97131906d6af1f97363df36b1d60f6682fc19f13b189f7be575812fa58bb85a792921fe65c169
  languageName: node
  linkType: hard

"@thi.ng/random@npm:^2.0.0":
  version: 2.0.0
  resolution: "@thi.ng/random@npm:2.0.0"
  dependencies:
    "@thi.ng/api": ^6.12.3
    "@thi.ng/checks": ^2.7.7
  checksum: 4f45f98165d42af30df713662ac590cb976b5d26e83d690418d33555dc5ad1b9cc44a8009237e03aced6569651a389e9b881f9bef21f3952567bf09cc8cb1bbd
  languageName: node
  linkType: hard

"@thi.ng/rstream@npm:^5.0.3":
  version: 5.0.3
  resolution: "@thi.ng/rstream@npm:5.0.3"
  dependencies:
    "@thi.ng/api": ^6.12.3
    "@thi.ng/arrays": ^0.7.0
    "@thi.ng/associative": ^5.0.5
    "@thi.ng/atom": ^4.1.19
    "@thi.ng/checks": ^2.7.7
    "@thi.ng/errors": ^1.2.20
    "@thi.ng/transducers": ^7.3.0
  checksum: dbe3db74e869595dd8fa674cd9cdee96c421c8717db52445fe42570f4d8c24896bc6f63bd00bd896870f5c9a59fc26d5faa40e0d61eba78da76e540042c1cc1f
  languageName: node
  linkType: hard

"@thi.ng/strings@npm:^1.9.5":
  version: 1.9.5
  resolution: "@thi.ng/strings@npm:1.9.5"
  dependencies:
    "@thi.ng/api": ^6.12.3
    "@thi.ng/errors": ^1.2.20
    "@thi.ng/memoize": ^2.1.1
  checksum: 6c8a493e5bd127fc05274c10e64c6e6e27c820bf3f4f0cf349fb189e50d60fed6c471ddc678d2c5ed74b5758b30bae11fe8e2bf2eaf525176d3508be91fcaa9e
  languageName: node
  linkType: hard

"@thi.ng/transducers@npm:^7.3.0":
  version: 7.3.0
  resolution: "@thi.ng/transducers@npm:7.3.0"
  dependencies:
    "@thi.ng/api": ^6.12.3
    "@thi.ng/arrays": ^0.7.0
    "@thi.ng/checks": ^2.7.7
    "@thi.ng/compare": ^1.3.15
    "@thi.ng/compose": ^1.4.16
    "@thi.ng/errors": ^1.2.20
    "@thi.ng/math": ^2.0.4
    "@thi.ng/random": ^2.0.0
  checksum: 9234e42d217c0642252c15e819f64ccb2907472c5c426d5b7b53e4d551c92c2aae1d5033a8767455cb7977965702798642d3eaed0e449dc38652c52c8adf20fb
  languageName: node
  linkType: hard

"@types/node@npm:^14.6.2":
  version: 14.6.2
  resolution: "@types/node@npm:14.6.2"
  checksum: e88f4749fd95d7358a719dee27bb3c02aa7d93a69d95887b4baaeae3fcc21c65d8675e6a9633e499de22fa77651fc12188fd3657a6729dbce9e44a4fe5c0691b
  languageName: node
  linkType: hard

"parser@workspace:.":
  version: 0.0.0-use.local
  resolution: "parser@workspace:."
  dependencies:
    "@thi.ng/defmulti": ^1.2.24
    "@thi.ng/parse": ^0.9.2
    "@thi.ng/paths": ^4.1.5
    "@thi.ng/rstream": ^5.0.3
    "@thi.ng/transducers": ^7.3.0
    "@types/node": ^14.6.2
    typescript: ^3.9.7
  languageName: unknown
  linkType: soft

"tslib@npm:^2.0.1":
  version: 2.0.1
  resolution: "tslib@npm:2.0.1"
  checksum: 7b42337a07f536c9650c72471cdf51317f07eb981692e91b8979fee3f6e20136a8f047e6ecdc5f2f3201132a6cc4e0096fa3c58655eba3803bf7fe739ccd088e
  languageName: node
  linkType: hard

typescript@^3.9.7:
  version: 3.9.7
  resolution: "typescript@npm:3.9.7"
  bin:
    tsc: bin/tsc
    tsserver: bin/tsserver
  checksum: 10848a9c35fd8c70a8792b8bd9485317534bcd58768793d3b7d9c7486e9fd30cf345f83fa2a324e0bf6088bc8a4d8d061d58fda38b18c2ff187cf01fbbff6267
  languageName: node
  linkType: hard

"typescript@patch:typescript@^3.9.7#builtin<compat/typescript>":
  version: 3.9.7
  resolution: "typescript@patch:typescript@npm%3A3.9.7#builtin<compat/typescript>::version=3.9.7&hash=cc6730"
  bin:
    tsc: bin/tsc
    tsserver: bin/tsserver
  checksum: f0d3d9c987860c7c458229ab6dd7e3d322405db36b70abccba610b5efd9f9451e4e67a3fc7983c0d3741033c1f1a8d7aa859a1510caa8f20fad762fc39648bfa
  languageName: node
  linkType: hard
